
Microsoft Visual Studio Solution File, Format Version 12.00
Project("{FAE04EC0-301F-11D3-BF4B-00C04F79EFBC}") = "TodoApp.Api", "TodoApp.Api.csproj", "{70822A13-397B-401B-A526-E717C7525949}"
EndProject
Project("{FAE04EC0-301F-11D3-BF4B-00C04F79EFBC}") = "TodoApp.Api.Tests", "TodoApp.Api.Tests\TodoApp.Api.Tests.csproj", "{FD789146-3999-4344-9A54-A09B618AC765}"
EndProject
Global
	GlobalSection(SolutionConfigurationPlatforms) = preSolution
		Debug|Any CPU = Debug|Any CPU
		Debug|x64 = Debug|x64
		Debug|x86 = Debug|x86
		Release|Any CPU = Release|Any CPU
		Release|x64 = Release|x64
		Release|x86 = Release|x86
	EndGlobalSection
	GlobalSection(ProjectConfigurationPlatforms) = postSolution
		{70822A13-397B-401B-A526-E717C7525949}.Debug|Any CPU.ActiveCfg = Debug|Any CPU
		{70822A13-397B-401B-A526-E717C7525949}.Debug|Any CPU.Build.0 = Debug|Any CPU
		{70822A13-397B-401B-A526-E717C7525949}.Debug|x64.ActiveCfg = Debug|Any CPU
		{70822A13-397B-401B-A526-E717C7525949}.Debug|x64.Build.0 = Debug|Any CPU
		{70822A13-397B-401B-A526-E717C7525949}.Debug|x86.ActiveCfg = Debug|Any CPU
		{70822A13-397B-401B-A526-E717C7525949}.Debug|x86.Build.0 = Debug|Any CPU
		{70822A13-397B-401B-A526-E717C7525949}.Release|Any CPU.ActiveCfg = Release|Any CPU
		{70822A13-397B-401B-A526-E717C7525949}.Release|Any CPU.Build.0 = Release|Any CPU
		{70822A13-397B-401B-A526-E717C7525949}.Release|x64.ActiveCfg = Release|Any CPU
		{70822A13-397B-401B-A526-E717C7525949}.Release|x64.Build.0 = Release|Any CPU
		{70822A13-397B-401B-A526-E717C7525949}.Release|x86.ActiveCfg = Release|Any CPU
		{70822A13-397B-401B-A526-E717C7525949}.Release|x86.Build.0 = Release|Any CPU
		{FD789146-3999-4344-9A54-A09B618AC765}.Debug|Any CPU.ActiveCfg = Debug|Any CPU
		{FD789146-3999-4344-9A54-A09B618AC765}.Debug|Any CPU.Build.0 = Debug|Any CPU
		{FD789146-3999-4344-9A54-A09B618AC765}.Debug|x64.ActiveCfg = Debug|Any CPU
		{FD789146-3999-4344-9A54-A09B618AC765}.Debug|x64.Build.0 = Debug|Any CPU
		{FD789146-3999-4344-9A54-A09B618AC765}.Debug|x86.ActiveCfg = Debug|Any CPU
		{FD789146-3999-4344-9A54-A09B618AC765}.Debug|x86.Build.0 = Debug|Any CPU
		{FD789146-3999-4344-9A54-A09B618AC765}.Release|Any CPU.ActiveCfg = Release|Any CPU
		{FD789146-3999-4344-9A54-A09B618AC765}.Release|Any CPU.Build.0 = Release|Any CPU
		{FD789146-3999-4344-9A54-A09B618AC765}.Release|x64.ActiveCfg = Release|Any CPU
		{FD789146-3999-4344-9A54-A09B618AC765}.Release|x64.Build.0 = Release|Any CPU
		{FD789146-3999-4344-9A54-A09B618AC765}.Release|x86.ActiveCfg = Release|Any CPU
		{FD789146-3999-4344-9A54-A09B618AC765}.Release|x86.Build.0 = Release|Any CPU
	EndGlobalSection
	GlobalSection(SolutionProperties) = preSolution
		HideSolutionNode = FALSE
	EndGlobalSection
EndGlobal
